%{"dogma": {:git, "https://github.com/meadsteve/dogma.git", "9b21429dbced0c2a5254395ee19a0a8c259d1994", [ref: "9b21429dbced0c2a5254395ee19a0a8c259d1994"]},
  "ex_spec": {:hex, :ex_spec, "0.3.0"},
  "white_bread": {:git, "https://github.com/meadsteve/white-bread.git", "7fc0435a6351b295e0dc5a38493284f3bb569eb6", []}}
